// !$*UTF8*$!
{
	archiveVersion = 1;
	classes = {
	};
	objectVersion = 77;
	objects = {

/* Begin PBXBuildFile section */
		B80B9F102D0D5E5F00052199 /* RxTodoTableView.swift in Sources */ = {isa = PBXBuildFile; fileRef = B80B9F0F2D0D5E5F00052199 /* RxTodoTableView.swift */; };
		B80B9F152D0D5F0600052199 /* RxTodoListViewModel.swift in Sources */ = {isa = PBXBuildFile; fileRef = B80B9F142D0D5F0600052199 /* RxTodoListViewModel.swift */; };
		B80B9F182D101E8200052199 /* RxCollectionViewController.swift in Sources */ = {isa = PBXBuildFile; fileRef = B80B9F172D101E8200052199 /* RxCollectionViewController.swift */; };
		B80B9F1B2D101EE800052199 /* RxWeatherViewController.swift in Sources */ = {isa = PBXBuildFile; fileRef = B80B9F1A2D101EE800052199 /* RxWeatherViewController.swift */; };
		B80B9F1D2D110B3A00052199 /* RxSectionViewModel.swift in Sources */ = {isa = PBXBuildFile; fileRef = B80B9F1C2D110B3A00052199 /* RxSectionViewModel.swift */; };
		B80B9F212D13BEA000052199 /* TodoModel.swift in Sources */ = {isa = PBXBuildFile; fileRef = B80B9F202D13BEA000052199 /* TodoModel.swift */; };
		B80B9F232D13BF3900052199 /* TodoTableView.swift in Sources */ = {isa = PBXBuildFile; fileRef = B80B9F222D13BF3900052199 /* TodoTableView.swift */; };
		B80B9F252D13F3B700052199 /* TodoTableViewCell.swift in Sources */ = {isa = PBXBuildFile; fileRef = B80B9F242D13F3B700052199 /* TodoTableViewCell.swift */; };
		B80B9F272D13F5F500052199 /* TodoViewModel.swift in Sources */ = {isa = PBXBuildFile; fileRef = B80B9F262D13F5F500052199 /* TodoViewModel.swift */; };
		B877DBC62CD30C2E009D9C49 /* CollectionViewController.swift in Sources */ = {isa = PBXBuildFile; fileRef = B877DBC52CD30C2E009D9C49 /* CollectionViewController.swift */; };
		B877DBC92CD32623009D9C49 /* BasicTableView.swift in Sources */ = {isa = PBXBuildFile; fileRef = B877DBC82CD32623009D9C49 /* BasicTableView.swift */; };
		B877DBCF2CD373D5009D9C49 /* BasicModel.swift in Sources */ = {isa = PBXBuildFile; fileRef = B877DBCE2CD373D5009D9C49 /* BasicModel.swift */; };
		B877DBD12CD373E0009D9C49 /* BasicViewModel.swift in Sources */ = {isa = PBXBuildFile; fileRef = B877DBD02CD373E0009D9C49 /* BasicViewModel.swift */; };
		B877DBD62CD47127009D9C49 /* SectionTableView.swift in Sources */ = {isa = PBXBuildFile; fileRef = B877DBD52CD47127009D9C49 /* SectionTableView.swift */; };
		B877DBD82CD4723F009D9C49 /* SectionModel.swift in Sources */ = {isa = PBXBuildFile; fileRef = B877DBD72CD4723F009D9C49 /* SectionModel.swift */; };
		B877DBDA2CD472A9009D9C49 /* SectionViewModel.swift in Sources */ = {isa = PBXBuildFile; fileRef = B877DBD92CD472A9009D9C49 /* SectionViewModel.swift */; };
		B877DBDC2CD47374009D9C49 /* SectionTableViewCell.swift in Sources */ = {isa = PBXBuildFile; fileRef = B877DBDB2CD47374009D9C49 /* SectionTableViewCell.swift */; };
		B877DBE02CD99D02009D9C49 /* MixTableView.swift in Sources */ = {isa = PBXBuildFile; fileRef = B877DBDF2CD99D02009D9C49 /* MixTableView.swift */; };
		B877DBE22CD9A47B009D9C49 /* HorizontalTableViewCell.swift in Sources */ = {isa = PBXBuildFile; fileRef = B877DBE12CD9A47B009D9C49 /* HorizontalTableViewCell.swift */; };
		B877DBE42CD9B5F8009D9C49 /* HorizontalCollectionViewCell.swift in Sources */ = {isa = PBXBuildFile; fileRef = B877DBE32CD9B5F8009D9C49 /* HorizontalCollectionViewCell.swift */; };
		B877DBE62CD9B621009D9C49 /* UICollectionViewCell.swift in Sources */ = {isa = PBXBuildFile; fileRef = B877DBE52CD9B621009D9C49 /* UICollectionViewCell.swift */; };
		B877DBE82CD9B96C009D9C49 /* VerticalTabelViewCell.swift in Sources */ = {isa = PBXBuildFile; fileRef = B877DBE72CD9B96C009D9C49 /* VerticalTabelViewCell.swift */; };
		B877DBEA2CDAF506009D9C49 /* MixViewModel.swift in Sources */ = {isa = PBXBuildFile; fileRef = B877DBE92CDAF506009D9C49 /* MixViewModel.swift */; };
		B877DBEC2CDAF81A009D9C49 /* MixModel.swift in Sources */ = {isa = PBXBuildFile; fileRef = B877DBEB2CDAF81A009D9C49 /* MixModel.swift */; };
		B877DBF02CDDD942009D9C49 /* DetailMixViewController.swift in Sources */ = {isa = PBXBuildFile; fileRef = B877DBEF2CDDD942009D9C49 /* DetailMixViewController.swift */; };
		B877DBF22CDDDEA4009D9C49 /* WebView.swift in Sources */ = {isa = PBXBuildFile; fileRef = B877DBF12CDDDEA4009D9C49 /* WebView.swift */; };
		B877DBF92CE06E56009D9C49 /* README.md in Resources */ = {isa = PBXBuildFile; fileRef = B877DBF82CE06E56009D9C49 /* README.md */; };
		B877DC002CEACB10009D9C49 /* AddTableView.swift in Sources */ = {isa = PBXBuildFile; fileRef = B877DBFF2CEACB10009D9C49 /* AddTableView.swift */; };
		B877DC022CEAD977009D9C49 /* AddTableViewCell.swift in Sources */ = {isa = PBXBuildFile; fileRef = B877DC012CEAD977009D9C49 /* AddTableViewCell.swift */; };
		B877DC042CEAE2A0009D9C49 /* AddModel.swift in Sources */ = {isa = PBXBuildFile; fileRef = B877DC032CEAE2A0009D9C49 /* AddModel.swift */; };
		B877DC062CEAE361009D9C49 /* AddViewModel.swift in Sources */ = {isa = PBXBuildFile; fileRef = B877DC052CEAE361009D9C49 /* AddViewModel.swift */; };
		B8863D772CFEAE0400717A63 /* RxCocoa in Frameworks */ = {isa = PBXBuildFile; productRef = B8863D762CFEAE0400717A63 /* RxCocoa */; };
		B8863D792CFEAEF200717A63 /* RxRelay in Frameworks */ = {isa = PBXBuildFile; productRef = B8863D782CFEAEF200717A63 /* RxRelay */; };
		B8975F332CF06D6F008F2BA6 /* CustomButton.swift in Sources */ = {isa = PBXBuildFile; fileRef = B8975F322CF06D6F008F2BA6 /* CustomButton.swift */; };
		B8975F392CFE936A008F2BA6 /* RxTableViewController.swift in Sources */ = {isa = PBXBuildFile; fileRef = B8975F382CFE936A008F2BA6 /* RxTableViewController.swift */; };
		B8975F3E2CFEA1AD008F2BA6 /* RxSwift in Frameworks */ = {isa = PBXBuildFile; productRef = B8975F3D2CFEA1AD008F2BA6 /* RxSwift */; };
		B8B9A1AB2D06763C008D8130 /* RxTextFieldViewController.swift in Sources */ = {isa = PBXBuildFile; fileRef = B8B9A1AA2D06763C008D8130 /* RxTextFieldViewController.swift */; };
		B8B9A1AF2D073952008D8130 /* CustomSegment.swift in Sources */ = {isa = PBXBuildFile; fileRef = B8B9A1AE2D073952008D8130 /* CustomSegment.swift */; };
		B8B9A1B72D086AA6008D8130 /* RxBasicTableView.swift in Sources */ = {isa = PBXBuildFile; fileRef = B8B9A1B62D086AA6008D8130 /* RxBasicTableView.swift */; };
		B8B9A1B92D086AB1008D8130 /* RxSectionTableView.swift in Sources */ = {isa = PBXBuildFile; fileRef = B8B9A1B82D086AB1008D8130 /* RxSectionTableView.swift */; };
		B8B9A1BB2D086AF3008D8130 /* RxMixTableView.swift in Sources */ = {isa = PBXBuildFile; fileRef = B8B9A1BA2D086AF3008D8130 /* RxMixTableView.swift */; };
		B8B9A1BD2D086B01008D8130 /* RxAddTableView.swift in Sources */ = {isa = PBXBuildFile; fileRef = B8B9A1BC2D086B01008D8130 /* RxAddTableView.swift */; };
		B8B9A1BF2D0930D4008D8130 /* RxMixViewController.swift in Sources */ = {isa = PBXBuildFile; fileRef = B8B9A1BE2D0930D4008D8130 /* RxMixViewController.swift */; };
		B8B9A1C32D0AEAB4008D8130 /* RxBasicViewModel.swift in Sources */ = {isa = PBXBuildFile; fileRef = B8B9A1C22D0AEAB4008D8130 /* RxBasicViewModel.swift */; };
		B8BDF7ED2D04430E0045FA94 /* RxSwiftPractice.swift in Sources */ = {isa = PBXBuildFile; fileRef = B8BDF7EC2D04430E0045FA94 /* RxSwiftPractice.swift */; };
		B8BDF7EF2D05DB0D0045FA94 /* RxButtonViewController.swift in Sources */ = {isa = PBXBuildFile; fileRef = B8BDF7EE2D05DB0D0045FA94 /* RxButtonViewController.swift */; };
		B8CD65282CC0FC5C00E8F8B3 /* AppDelegate.swift in Sources */ = {isa = PBXBuildFile; fileRef = B8CD651E2CC0FC5C00E8F8B3 /* AppDelegate.swift */; };
		B8CD65292CC0FC5C00E8F8B3 /* SceneDelegate.swift in Sources */ = {isa = PBXBuildFile; fileRef = B8CD65252CC0FC5C00E8F8B3 /* SceneDelegate.swift */; };
		B8CD652B2CC0FC5C00E8F8B3 /* Assets.xcassets in Resources */ = {isa = PBXBuildFile; fileRef = B8CD651F2CC0FC5C00E8F8B3 /* Assets.xcassets */; };
		B8CD652D2CC0FC5C00E8F8B3 /* LaunchScreen.storyboard in Resources */ = {isa = PBXBuildFile; fileRef = B8CD65222CC0FC5C00E8F8B3 /* LaunchScreen.storyboard */; };
		B8CD65362CC0FD2B00E8F8B3 /* CustomTabBarController.swift in Sources */ = {isa = PBXBuildFile; fileRef = B8CD65352CC0FD2B00E8F8B3 /* CustomTabBarController.swift */; };
		B8CD65392CC0FD7100E8F8B3 /* TableViewController.swift in Sources */ = {isa = PBXBuildFile; fileRef = B8CD65382CC0FD7100E8F8B3 /* TableViewController.swift */; };
		B8CD653C2CC0FE1500E8F8B3 /* PretendardVariable.ttf in Resources */ = {isa = PBXBuildFile; fileRef = B8CD653B2CC0FE1500E8F8B3 /* PretendardVariable.ttf */; };
		B8CD653E2CC0FE8600E8F8B3 /* UIColor.swift in Sources */ = {isa = PBXBuildFile; fileRef = B8CD653D2CC0FE8600E8F8B3 /* UIColor.swift */; };
		B8CD65402CC0FE9D00E8F8B3 /* UIFont.swift in Sources */ = {isa = PBXBuildFile; fileRef = B8CD653F2CC0FE9D00E8F8B3 /* UIFont.swift */; };
		B8CD65422CC0FEC000E8F8B3 /* Constants.swift in Sources */ = {isa = PBXBuildFile; fileRef = B8CD65412CC0FEC000E8F8B3 /* Constants.swift */; };
		B8CD65442CC1038C00E8F8B3 /* CustomLabel.swift in Sources */ = {isa = PBXBuildFile; fileRef = B8CD65432CC1038C00E8F8B3 /* CustomLabel.swift */; };
		B8CD65472CC104C400E8F8B3 /* SnapKit in Frameworks */ = {isa = PBXBuildFile; productRef = B8CD65462CC104C400E8F8B3 /* SnapKit */; };
		B8CD654F2CC221FC00E8F8B3 /* SplashViewController.swift in Sources */ = {isa = PBXBuildFile; fileRef = B8CD654E2CC221FC00E8F8B3 /* SplashViewController.swift */; };
		B8CD65512CC2225800E8F8B3 /* codingGif.gif in Resources */ = {isa = PBXBuildFile; fileRef = B8CD65502CC2225800E8F8B3 /* codingGif.gif */; };
		B8CD65572CC2355E00E8F8B3 /* SwiftyGif in Frameworks */ = {isa = PBXBuildFile; productRef = B8CD65562CC2355E00E8F8B3 /* SwiftyGif */; };
		B8CD655B2CC8848900E8F8B3 /* UITableViewCell.swift in Sources */ = {isa = PBXBuildFile; fileRef = B8CD655A2CC8848900E8F8B3 /* UITableViewCell.swift */; };
		B8CD655D2CC8879800E8F8B3 /* BasicTableViewCell.swift in Sources */ = {isa = PBXBuildFile; fileRef = B8CD655C2CC8879800E8F8B3 /* BasicTableViewCell.swift */; };
		B8E6F8B12D17CFCE00CDC1C4 /* IQKeyboardManagerSwift in Frameworks */ = {isa = PBXBuildFile; productRef = B8E6F8B02D17CFCE00CDC1C4 /* IQKeyboardManagerSwift */; };
		B8E6F8B42D2B66F800CDC1C4 /* Differentiator in Frameworks */ = {isa = PBXBuildFile; productRef = B8E6F8B32D2B66F800CDC1C4 /* Differentiator */; };
		B8E6F8B62D2B66F800CDC1C4 /* RxDataSources in Frameworks */ = {isa = PBXBuildFile; productRef = B8E6F8B52D2B66F800CDC1C4 /* RxDataSources */; };
		B8E6F8BA2D2CCDD800CDC1C4 /* RxMixViewModel.swift in Sources */ = {isa = PBXBuildFile; fileRef = B8E6F8B92D2CCDD800CDC1C4 /* RxMixViewModel.swift */; };
		B8E6F8BD2D30CB6800CDC1C4 /* RxHorizontalTableViewCell.swift in Sources */ = {isa = PBXBuildFile; fileRef = B8E6F8BC2D30CB6800CDC1C4 /* RxHorizontalTableViewCell.swift */; };
/* End PBXBuildFile section */

/* Begin PBXCopyFilesBuildPhase section */
		B8863D722CFEADE200717A63 /* Embed Frameworks */ = {
			isa = PBXCopyFilesBuildPhase;
			buildActionMask = 2147483647;
			dstPath = "";
			dstSubfolderSpec = 10;
			files = (
			);
			name = "Embed Frameworks";
			runOnlyForDeploymentPostprocessing = 0;
		};
/* End PBXCopyFilesBuildPhase section */

/* Begin PBXFileReference section */
		B80B9F0F2D0D5E5F00052199 /* RxTodoTableView.swift */ = {isa = PBXFileReference; lastKnownFileType = sourcecode.swift; path = RxTodoTableView.swift; sourceTree = "<group>"; };
		B80B9F142D0D5F0600052199 /* RxTodoListViewModel.swift */ = {isa = PBXFileReference; lastKnownFileType = sourcecode.swift; path = RxTodoListViewModel.swift; sourceTree = "<group>"; };
		B80B9F172D101E8200052199 /* RxCollectionViewController.swift */ = {isa = PBXFileReference; lastKnownFileType = sourcecode.swift; path = RxCollectionViewController.swift; sourceTree = "<group>"; };
		B80B9F1A2D101EE800052199 /* RxWeatherViewController.swift */ = {isa = PBXFileReference; lastKnownFileType = sourcecode.swift; path = RxWeatherViewController.swift; sourceTree = "<group>"; };
		B80B9F1C2D110B3A00052199 /* RxSectionViewModel.swift */ = {isa = PBXFileReference; lastKnownFileType = sourcecode.swift; path = RxSectionViewModel.swift; sourceTree = "<group>"; };
		B80B9F202D13BEA000052199 /* TodoModel.swift */ = {isa = PBXFileReference; lastKnownFileType = sourcecode.swift; path = TodoModel.swift; sourceTree = "<group>"; };
		B80B9F222D13BF3900052199 /* TodoTableView.swift */ = {isa = PBXFileReference; lastKnownFileType = sourcecode.swift; path = TodoTableView.swift; sourceTree = "<group>"; };
		B80B9F242D13F3B700052199 /* TodoTableViewCell.swift */ = {isa = PBXFileReference; lastKnownFileType = sourcecode.swift; path = TodoTableViewCell.swift; sourceTree = "<group>"; };
		B80B9F262D13F5F500052199 /* TodoViewModel.swift */ = {isa = PBXFileReference; lastKnownFileType = sourcecode.swift; path = TodoViewModel.swift; sourceTree = "<group>"; };
		B877DBC52CD30C2E009D9C49 /* CollectionViewController.swift */ = {isa = PBXFileReference; lastKnownFileType = sourcecode.swift; path = CollectionViewController.swift; sourceTree = "<group>"; };
		B877DBC82CD32623009D9C49 /* BasicTableView.swift */ = {isa = PBXFileReference; lastKnownFileType = sourcecode.swift; path = BasicTableView.swift; sourceTree = "<group>"; };
		B877DBCE2CD373D5009D9C49 /* BasicModel.swift */ = {isa = PBXFileReference; lastKnownFileType = sourcecode.swift; path = BasicModel.swift; sourceTree = "<group>"; };
		B877DBD02CD373E0009D9C49 /* BasicViewModel.swift */ = {isa = PBXFileReference; lastKnownFileType = sourcecode.swift; path = BasicViewModel.swift; sourceTree = "<group>"; };
		B877DBD52CD47127009D9C49 /* SectionTableView.swift */ = {isa = PBXFileReference; lastKnownFileType = sourcecode.swift; path = SectionTableView.swift; sourceTree = "<group>"; };
		B877DBD72CD4723F009D9C49 /* SectionModel.swift */ = {isa = PBXFileReference; lastKnownFileType = sourcecode.swift; path = SectionModel.swift; sourceTree = "<group>"; };
		B877DBD92CD472A9009D9C49 /* SectionViewModel.swift */ = {isa = PBXFileReference; lastKnownFileType = sourcecode.swift; path = SectionViewModel.swift; sourceTree = "<group>"; };
		B877DBDB2CD47374009D9C49 /* SectionTableViewCell.swift */ = {isa = PBXFileReference; lastKnownFileType = sourcecode.swift; path = SectionTableViewCell.swift; sourceTree = "<group>"; };
		B877DBDF2CD99D02009D9C49 /* MixTableView.swift */ = {isa = PBXFileReference; lastKnownFileType = sourcecode.swift; path = MixTableView.swift; sourceTree = "<group>"; };
		B877DBE12CD9A47B009D9C49 /* HorizontalTableViewCell.swift */ = {isa = PBXFileReference; lastKnownFileType = sourcecode.swift; path = HorizontalTableViewCell.swift; sourceTree = "<group>"; };
		B877DBE32CD9B5F8009D9C49 /* HorizontalCollectionViewCell.swift */ = {isa = PBXFileReference; lastKnownFileType = sourcecode.swift; path = HorizontalCollectionViewCell.swift; sourceTree = "<group>"; };
		B877DBE52CD9B621009D9C49 /* UICollectionViewCell.swift */ = {isa = PBXFileReference; lastKnownFileType = sourcecode.swift; path = UICollectionViewCell.swift; sourceTree = "<group>"; };
		B877DBE72CD9B96C009D9C49 /* VerticalTabelViewCell.swift */ = {isa = PBXFileReference; lastKnownFileType = sourcecode.swift; path = VerticalTabelViewCell.swift; sourceTree = "<group>"; };
		B877DBE92CDAF506009D9C49 /* MixViewModel.swift */ = {isa = PBXFileReference; lastKnownFileType = sourcecode.swift; path = MixViewModel.swift; sourceTree = "<group>"; };
		B877DBEB2CDAF81A009D9C49 /* MixModel.swift */ = {isa = PBXFileReference; lastKnownFileType = sourcecode.swift; path = MixModel.swift; sourceTree = "<group>"; };
		B877DBEF2CDDD942009D9C49 /* DetailMixViewController.swift */ = {isa = PBXFileReference; lastKnownFileType = sourcecode.swift; path = DetailMixViewController.swift; sourceTree = "<group>"; };
		B877DBF12CDDDEA4009D9C49 /* WebView.swift */ = {isa = PBXFileReference; lastKnownFileType = sourcecode.swift; path = WebView.swift; sourceTree = "<group>"; };
		B877DBF82CE06E56009D9C49 /* README.md */ = {isa = PBXFileReference; lastKnownFileType = net.daringfireball.markdown; path = README.md; sourceTree = "<group>"; };
		B877DBFF2CEACB10009D9C49 /* AddTableView.swift */ = {isa = PBXFileReference; lastKnownFileType = sourcecode.swift; path = AddTableView.swift; sourceTree = "<group>"; };
		B877DC012CEAD977009D9C49 /* AddTableViewCell.swift */ = {isa = PBXFileReference; lastKnownFileType = sourcecode.swift; path = AddTableViewCell.swift; sourceTree = "<group>"; };
		B877DC032CEAE2A0009D9C49 /* AddModel.swift */ = {isa = PBXFileReference; lastKnownFileType = sourcecode.swift; path = AddModel.swift; sourceTree = "<group>"; };
		B877DC052CEAE361009D9C49 /* AddViewModel.swift */ = {isa = PBXFileReference; lastKnownFileType = sourcecode.swift; path = AddViewModel.swift; sourceTree = "<group>"; };
		B8975F322CF06D6F008F2BA6 /* CustomButton.swift */ = {isa = PBXFileReference; lastKnownFileType = sourcecode.swift; path = CustomButton.swift; sourceTree = "<group>"; };
		B8975F382CFE936A008F2BA6 /* RxTableViewController.swift */ = {isa = PBXFileReference; lastKnownFileType = sourcecode.swift; path = RxTableViewController.swift; sourceTree = "<group>"; };
		B8B9A1AA2D06763C008D8130 /* RxTextFieldViewController.swift */ = {isa = PBXFileReference; lastKnownFileType = sourcecode.swift; path = RxTextFieldViewController.swift; sourceTree = "<group>"; };
		B8B9A1AE2D073952008D8130 /* CustomSegment.swift */ = {isa = PBXFileReference; lastKnownFileType = sourcecode.swift; path = CustomSegment.swift; sourceTree = "<group>"; };
		B8B9A1B62D086AA6008D8130 /* RxBasicTableView.swift */ = {isa = PBXFileReference; lastKnownFileType = sourcecode.swift; path = RxBasicTableView.swift; sourceTree = "<group>"; };
		B8B9A1B82D086AB1008D8130 /* RxSectionTableView.swift */ = {isa = PBXFileReference; lastKnownFileType = sourcecode.swift; path = RxSectionTableView.swift; sourceTree = "<group>"; };
		B8B9A1BA2D086AF3008D8130 /* RxMixTableView.swift */ = {isa = PBXFileReference; lastKnownFileType = sourcecode.swift; path = RxMixTableView.swift; sourceTree = "<group>"; };
		B8B9A1BC2D086B01008D8130 /* RxAddTableView.swift */ = {isa = PBXFileReference; lastKnownFileType = sourcecode.swift; path = RxAddTableView.swift; sourceTree = "<group>"; };
		B8B9A1BE2D0930D4008D8130 /* RxMixViewController.swift */ = {isa = PBXFileReference; lastKnownFileType = sourcecode.swift; path = RxMixViewController.swift; sourceTree = "<group>"; };
		B8B9A1C22D0AEAB4008D8130 /* RxBasicViewModel.swift */ = {isa = PBXFileReference; lastKnownFileType = sourcecode.swift; path = RxBasicViewModel.swift; sourceTree = "<group>"; };
		B8BDF7EC2D04430E0045FA94 /* RxSwiftPractice.swift */ = {isa = PBXFileReference; lastKnownFileType = sourcecode.swift; path = RxSwiftPractice.swift; sourceTree = "<group>"; };
		B8BDF7EE2D05DB0D0045FA94 /* RxButtonViewController.swift */ = {isa = PBXFileReference; lastKnownFileType = sourcecode.swift; path = RxButtonViewController.swift; sourceTree = "<group>"; };
		B8CD65052CC0FC4000E8F8B3 /* ShowMustGoOn.app */ = {isa = PBXFileReference; explicitFileType = wrapper.application; includeInIndex = 0; path = ShowMustGoOn.app; sourceTree = BUILT_PRODUCTS_DIR; };
		B8CD651E2CC0FC5C00E8F8B3 /* AppDelegate.swift */ = {isa = PBXFileReference; lastKnownFileType = sourcecode.swift; path = AppDelegate.swift; sourceTree = "<group>"; };
		B8CD651F2CC0FC5C00E8F8B3 /* Assets.xcassets */ = {isa = PBXFileReference; lastKnownFileType = folder.assetcatalog; path = Assets.xcassets; sourceTree = "<group>"; };
		B8CD65202CC0FC5C00E8F8B3 /* Info.plist */ = {isa = PBXFileReference; lastKnownFileType = text.plist.xml; path = Info.plist; sourceTree = "<group>"; };
		B8CD65212CC0FC5C00E8F8B3 /* Base */ = {isa = PBXFileReference; lastKnownFileType = file.storyboard; name = Base; path = Base.lproj/LaunchScreen.storyboard; sourceTree = "<group>"; };
		B8CD65252CC0FC5C00E8F8B3 /* SceneDelegate.swift */ = {isa = PBXFileReference; lastKnownFileType = sourcecode.swift; path = SceneDelegate.swift; sourceTree = "<group>"; };
		B8CD65352CC0FD2B00E8F8B3 /* CustomTabBarController.swift */ = {isa = PBXFileReference; lastKnownFileType = sourcecode.swift; path = CustomTabBarController.swift; sourceTree = "<group>"; };
		B8CD65382CC0FD7100E8F8B3 /* TableViewController.swift */ = {isa = PBXFileReference; lastKnownFileType = sourcecode.swift; path = TableViewController.swift; sourceTree = "<group>"; };
		B8CD653B2CC0FE1500E8F8B3 /* PretendardVariable.ttf */ = {isa = PBXFileReference; lastKnownFileType = file; path = PretendardVariable.ttf; sourceTree = "<group>"; };
		B8CD653D2CC0FE8600E8F8B3 /* UIColor.swift */ = {isa = PBXFileReference; lastKnownFileType = sourcecode.swift; path = UIColor.swift; sourceTree = "<group>"; };
		B8CD653F2CC0FE9D00E8F8B3 /* UIFont.swift */ = {isa = PBXFileReference; lastKnownFileType = sourcecode.swift; path = UIFont.swift; sourceTree = "<group>"; };
		B8CD65412CC0FEC000E8F8B3 /* Constants.swift */ = {isa = PBXFileReference; lastKnownFileType = sourcecode.swift; path = Constants.swift; sourceTree = "<group>"; };
		B8CD65432CC1038C00E8F8B3 /* CustomLabel.swift */ = {isa = PBXFileReference; lastKnownFileType = sourcecode.swift; path = CustomLabel.swift; sourceTree = "<group>"; };
		B8CD654E2CC221FC00E8F8B3 /* SplashViewController.swift */ = {isa = PBXFileReference; lastKnownFileType = sourcecode.swift; path = SplashViewController.swift; sourceTree = "<group>"; };
		B8CD65502CC2225800E8F8B3 /* codingGif.gif */ = {isa = PBXFileReference; lastKnownFileType = image.gif; path = codingGif.gif; sourceTree = "<group>"; };
		B8CD655A2CC8848900E8F8B3 /* UITableViewCell.swift */ = {isa = PBXFileReference; lastKnownFileType = sourcecode.swift; path = UITableViewCell.swift; sourceTree = "<group>"; };
		B8CD655C2CC8879800E8F8B3 /* BasicTableViewCell.swift */ = {isa = PBXFileReference; lastKnownFileType = sourcecode.swift; path = BasicTableViewCell.swift; sourceTree = "<group>"; };
		B8E6F8B92D2CCDD800CDC1C4 /* RxMixViewModel.swift */ = {isa = PBXFileReference; lastKnownFileType = sourcecode.swift; path = RxMixViewModel.swift; sourceTree = "<group>"; };
		B8E6F8BC2D30CB6800CDC1C4 /* RxHorizontalTableViewCell.swift */ = {isa = PBXFileReference; lastKnownFileType = sourcecode.swift; path = RxHorizontalTableViewCell.swift; sourceTree = "<group>"; };
/* End PBXFileReference section */

/* Begin PBXFrameworksBuildPhase section */
		B8CD65022CC0FC4000E8F8B3 /* Frameworks */ = {
			isa = PBXFrameworksBuildPhase;
			buildActionMask = 2147483647;
			files = (
				B8E6F8B42D2B66F800CDC1C4 /* Differentiator in Frameworks */,
				B8863D792CFEAEF200717A63 /* RxRelay in Frameworks */,
				B8863D772CFEAE0400717A63 /* RxCocoa in Frameworks */,
				B8975F3E2CFEA1AD008F2BA6 /* RxSwift in Frameworks */,
				B8CD65472CC104C400E8F8B3 /* SnapKit in Frameworks */,
				B8E6F8B62D2B66F800CDC1C4 /* RxDataSources in Frameworks */,
				B8CD65572CC2355E00E8F8B3 /* SwiftyGif in Frameworks */,
				B8E6F8B12D17CFCE00CDC1C4 /* IQKeyboardManagerSwift in Frameworks */,
			);
			runOnlyForDeploymentPostprocessing = 0;
		};
/* End PBXFrameworksBuildPhase section */

/* Begin PBXGroup section */
		B80B9F162D101E4900052199 /* RxCollectionView */ = {
			isa = PBXGroup;
			children = (
				B80B9F172D101E8200052199 /* RxCollectionViewController.swift */,
			);
			path = RxCollectionView;
			sourceTree = "<group>";
		};
		B80B9F192D101E8A00052199 /* RxWeatherForecast */ = {
			isa = PBXGroup;
			children = (
				B80B9F1A2D101EE800052199 /* RxWeatherViewController.swift */,
			);
			path = RxWeatherForecast;
			sourceTree = "<group>";
		};
		B877DBC42CD30C08009D9C49 /* CollectionView */ = {
			isa = PBXGroup;
			children = (
				B877DBC52CD30C2E009D9C49 /* CollectionViewController.swift */,
			);
			path = CollectionView;
			sourceTree = "<group>";
		};
		B877DBC72CD325F3009D9C49 /* View */ = {
			isa = PBXGroup;
			children = (
				B8CD65382CC0FD7100E8F8B3 /* TableViewController.swift */,
				B877DBD22CD37430009D9C49 /* addSubView */,
			);
			path = View;
			sourceTree = "<group>";
		};
		B877DBCC2CD37372009D9C49 /* Model */ = {
			isa = PBXGroup;
			children = (
				B877DBCE2CD373D5009D9C49 /* BasicModel.swift */,
				B80B9F202D13BEA000052199 /* TodoModel.swift */,
				B877DBD72CD4723F009D9C49 /* SectionModel.swift */,
				B877DBEB2CDAF81A009D9C49 /* MixModel.swift */,
				B877DC032CEAE2A0009D9C49 /* AddModel.swift */,
			);
			path = Model;
			sourceTree = "<group>";
		};
		B877DBCD2CD3738D009D9C49 /* ViewModel */ = {
			isa = PBXGroup;
			children = (
				B877DBD02CD373E0009D9C49 /* BasicViewModel.swift */,
				B80B9F262D13F5F500052199 /* TodoViewModel.swift */,
				B877DBD92CD472A9009D9C49 /* SectionViewModel.swift */,
				B877DBE92CDAF506009D9C49 /* MixViewModel.swift */,
				B877DC052CEAE361009D9C49 /* AddViewModel.swift */,
			);
			path = ViewModel;
			sourceTree = "<group>";
		};
		B877DBD22CD37430009D9C49 /* addSubView */ = {
			isa = PBXGroup;
			children = (
				B877DBC82CD32623009D9C49 /* BasicTableView.swift */,
				B80B9F222D13BF3900052199 /* TodoTableView.swift */,
				B877DBD52CD47127009D9C49 /* SectionTableView.swift */,
				B877DBDF2CD99D02009D9C49 /* MixTableView.swift */,
				B877DBEF2CDDD942009D9C49 /* DetailMixViewController.swift */,
				B877DBFF2CEACB10009D9C49 /* AddTableView.swift */,
				B8CD655E2CC8879F00E8F8B3 /* Cell */,
			);
			path = addSubView;
			sourceTree = "<group>";
		};
		B8975F372CFE934B008F2BA6 /* RxTableView */ = {
			isa = PBXGroup;
			children = (
				B8B9A1B22D086A14008D8130 /* View */,
				B8B9A1B32D086A1D008D8130 /* ViewModel */,
				B8B9A1A92D06747F008D8130 /* PracticeRx */,
			);
			path = RxTableView;
			sourceTree = "<group>";
		};
		B8975F3C2CFEA1AD008F2BA6 /* Frameworks */ = {
			isa = PBXGroup;
			children = (
			);
			name = Frameworks;
			sourceTree = "<group>";
		};
		B8B9A1A92D06747F008D8130 /* PracticeRx */ = {
			isa = PBXGroup;
			children = (
				B8BDF7EC2D04430E0045FA94 /* RxSwiftPractice.swift */,
				B8BDF7EE2D05DB0D0045FA94 /* RxButtonViewController.swift */,
				B8B9A1AA2D06763C008D8130 /* RxTextFieldViewController.swift */,
				B8B9A1BE2D0930D4008D8130 /* RxMixViewController.swift */,
			);
			path = PracticeRx;
			sourceTree = "<group>";
		};
		B8B9A1B22D086A14008D8130 /* View */ = {
			isa = PBXGroup;
			children = (
				B8975F382CFE936A008F2BA6 /* RxTableViewController.swift */,
				B8B9A1B42D086A43008D8130 /* addSubView */,
			);
			path = View;
			sourceTree = "<group>";
		};
		B8B9A1B32D086A1D008D8130 /* ViewModel */ = {
			isa = PBXGroup;
			children = (
				B8B9A1C22D0AEAB4008D8130 /* RxBasicViewModel.swift */,
				B80B9F142D0D5F0600052199 /* RxTodoListViewModel.swift */,
				B80B9F1C2D110B3A00052199 /* RxSectionViewModel.swift */,
				B8E6F8B92D2CCDD800CDC1C4 /* RxMixViewModel.swift */,
			);
			path = ViewModel;
			sourceTree = "<group>";
		};
		B8B9A1B42D086A43008D8130 /* addSubView */ = {
			isa = PBXGroup;
			children = (
				B8B9A1B62D086AA6008D8130 /* RxBasicTableView.swift */,
				B80B9F0F2D0D5E5F00052199 /* RxTodoTableView.swift */,
				B8B9A1B82D086AB1008D8130 /* RxSectionTableView.swift */,
				B8B9A1BA2D086AF3008D8130 /* RxMixTableView.swift */,
				B8B9A1BC2D086B01008D8130 /* RxAddTableView.swift */,
				B8E6F8BB2D30CAC500CDC1C4 /* Cell */,
			);
			path = addSubView;
			sourceTree = "<group>";
		};
		B8CD64FC2CC0FC4000E8F8B3 = {
			isa = PBXGroup;
			children = (
				B877DBF82CE06E56009D9C49 /* README.md */,
				B8CD65272CC0FC5C00E8F8B3 /* ShowMustGoOn */,
				B8975F3C2CFEA1AD008F2BA6 /* Frameworks */,
				B8CD65062CC0FC4000E8F8B3 /* Products */,
			);
			sourceTree = "<group>";
		};
		B8CD65062CC0FC4000E8F8B3 /* Products */ = {
			isa = PBXGroup;
			children = (
				B8CD65052CC0FC4000E8F8B3 /* ShowMustGoOn.app */,
			);
			name = Products;
			sourceTree = "<group>";
		};
		B8CD65272CC0FC5C00E8F8B3 /* ShowMustGoOn */ = {
			isa = PBXGroup;
			children = (
				B8CD65322CC0FC7200E8F8B3 /* Scene */,
				B8CD65312CC0FC6F00E8F8B3 /* Utils */,
				B8CD65302CC0FC6C00E8F8B3 /* Extension */,
				B8CD652F2CC0FC6700E8F8B3 /* Resource */,
			);
			path = ShowMustGoOn;
			sourceTree = "<group>";
		};
		B8CD652F2CC0FC6700E8F8B3 /* Resource */ = {
			isa = PBXGroup;
			children = (
				B8CD653A2CC0FE0200E8F8B3 /* Font */,
				B8CD65252CC0FC5C00E8F8B3 /* SceneDelegate.swift */,
				B8CD651E2CC0FC5C00E8F8B3 /* AppDelegate.swift */,
				B8CD651F2CC0FC5C00E8F8B3 /* Assets.xcassets */,
				B8CD65202CC0FC5C00E8F8B3 /* Info.plist */,
				B8CD65222CC0FC5C00E8F8B3 /* LaunchScreen.storyboard */,
			);
			path = Resource;
			sourceTree = "<group>";
		};
		B8CD65302CC0FC6C00E8F8B3 /* Extension */ = {
			isa = PBXGroup;
			children = (
				B8CD653F2CC0FE9D00E8F8B3 /* UIFont.swift */,
				B8CD653D2CC0FE8600E8F8B3 /* UIColor.swift */,
				B8CD655A2CC8848900E8F8B3 /* UITableViewCell.swift */,
				B877DBE52CD9B621009D9C49 /* UICollectionViewCell.swift */,
				B877DBF12CDDDEA4009D9C49 /* WebView.swift */,
			);
			path = Extension;
			sourceTree = "<group>";
		};
		B8CD65312CC0FC6F00E8F8B3 /* Utils */ = {
			isa = PBXGroup;
			children = (
				B8CD65412CC0FEC000E8F8B3 /* Constants.swift */,
				B8CD65352CC0FD2B00E8F8B3 /* CustomTabBarController.swift */,
				B8CD65342CC0FCE000E8F8B3 /* Component */,
			);
			path = Utils;
			sourceTree = "<group>";
		};
		B8CD65322CC0FC7200E8F8B3 /* Scene */ = {
			isa = PBXGroup;
			children = (
				B8CD654D2CC221D600E8F8B3 /* StartView */,
				B8CD65372CC0FD5F00E8F8B3 /* TableView */,
				B8975F372CFE934B008F2BA6 /* RxTableView */,
				B877DBC42CD30C08009D9C49 /* CollectionView */,
				B80B9F162D101E4900052199 /* RxCollectionView */,
				B80B9F192D101E8A00052199 /* RxWeatherForecast */,
			);
			path = Scene;
			sourceTree = "<group>";
		};
		B8CD65342CC0FCE000E8F8B3 /* Component */ = {
			isa = PBXGroup;
			children = (
				B8CD65432CC1038C00E8F8B3 /* CustomLabel.swift */,
				B8975F322CF06D6F008F2BA6 /* CustomButton.swift */,
				B8B9A1AE2D073952008D8130 /* CustomSegment.swift */,
			);
			path = Component;
			sourceTree = "<group>";
		};
		B8CD65372CC0FD5F00E8F8B3 /* TableView */ = {
			isa = PBXGroup;
			children = (
				B877DBCC2CD37372009D9C49 /* Model */,
				B877DBC72CD325F3009D9C49 /* View */,
				B877DBCD2CD3738D009D9C49 /* ViewModel */,
			);
			path = TableView;
			sourceTree = "<group>";
		};
		B8CD653A2CC0FE0200E8F8B3 /* Font */ = {
			isa = PBXGroup;
			children = (
				B8CD653B2CC0FE1500E8F8B3 /* PretendardVariable.ttf */,
			);
			path = Font;
			sourceTree = "<group>";
		};
		B8CD654D2CC221D600E8F8B3 /* StartView */ = {
			isa = PBXGroup;
			children = (
				B8CD654E2CC221FC00E8F8B3 /* SplashViewController.swift */,
				B8CD65502CC2225800E8F8B3 /* codingGif.gif */,
			);
			path = StartView;
			sourceTree = "<group>";
		};
		B8CD655E2CC8879F00E8F8B3 /* Cell */ = {
			isa = PBXGroup;
			children = (
				B8CD655C2CC8879800E8F8B3 /* BasicTableViewCell.swift */,
				B80B9F242D13F3B700052199 /* TodoTableViewCell.swift */,
				B877DBDB2CD47374009D9C49 /* SectionTableViewCell.swift */,
				B877DBE12CD9A47B009D9C49 /* HorizontalTableViewCell.swift */,
				B877DBE32CD9B5F8009D9C49 /* HorizontalCollectionViewCell.swift */,
				B877DBE72CD9B96C009D9C49 /* VerticalTabelViewCell.swift */,
				B877DC012CEAD977009D9C49 /* AddTableViewCell.swift */,
			);
			path = Cell;
			sourceTree = "<group>";
		};
		B8E6F8BB2D30CAC500CDC1C4 /* Cell */ = {
			isa = PBXGroup;
			children = (
				B8E6F8BC2D30CB6800CDC1C4 /* RxHorizontalTableViewCell.swift */,
			);
			path = Cell;
			sourceTree = "<group>";
		};
/* End PBXGroup section */

/* Begin PBXNativeTarget section */
		B8CD65042CC0FC4000E8F8B3 /* ShowMustGoOn */ = {
			isa = PBXNativeTarget;
			buildConfigurationList = B8CD65182CC0FC4200E8F8B3 /* Build configuration list for PBXNativeTarget "ShowMustGoOn" */;
			buildPhases = (
				B8CD65012CC0FC4000E8F8B3 /* Sources */,
				B8CD65022CC0FC4000E8F8B3 /* Frameworks */,
				B8CD65032CC0FC4000E8F8B3 /* Resources */,
				B8863D722CFEADE200717A63 /* Embed Frameworks */,
			);
			buildRules = (
			);
			dependencies = (
			);
			name = ShowMustGoOn;
			packageProductDependencies = (
				B8CD65462CC104C400E8F8B3 /* SnapKit */,
				B8CD65562CC2355E00E8F8B3 /* SwiftyGif */,
				B8975F3D2CFEA1AD008F2BA6 /* RxSwift */,
				B8863D762CFEAE0400717A63 /* RxCocoa */,
				B8863D782CFEAEF200717A63 /* RxRelay */,
				B8E6F8B02D17CFCE00CDC1C4 /* IQKeyboardManagerSwift */,
				B8E6F8B32D2B66F800CDC1C4 /* Differentiator */,
				B8E6F8B52D2B66F800CDC1C4 /* RxDataSources */,
			);
			productName = ShowMustGoOn;
			productReference = B8CD65052CC0FC4000E8F8B3 /* ShowMustGoOn.app */;
			productType = "com.apple.product-type.application";
		};
/* End PBXNativeTarget section */

/* Begin PBXProject section */
		B8CD64FD2CC0FC4000E8F8B3 /* Project object */ = {
			isa = PBXProject;
			attributes = {
				BuildIndependentTargetsInParallel = 1;
				LastSwiftUpdateCheck = 1600;
				LastUpgradeCheck = 1600;
				TargetAttributes = {
					B8CD65042CC0FC4000E8F8B3 = {
						CreatedOnToolsVersion = 16.0;
					};
				};
			};
			buildConfigurationList = B8CD65002CC0FC4000E8F8B3 /* Build configuration list for PBXProject "ShowMustGoOn" */;
			developmentRegion = en;
			hasScannedForEncodings = 0;
			knownRegions = (
				en,
				Base,
			);
			mainGroup = B8CD64FC2CC0FC4000E8F8B3;
			minimizedProjectReferenceProxies = 1;
			packageReferences = (
				B8CD65452CC104C400E8F8B3 /* XCRemoteSwiftPackageReference "SnapKit" */,
				B8CD65552CC2355E00E8F8B3 /* XCRemoteSwiftPackageReference "SwiftyGif" */,
				B8975F3A2CFEA06E008F2BA6 /* XCRemoteSwiftPackageReference "RxSwift" */,
				B8E6F8AF2D17CFCE00CDC1C4 /* XCRemoteSwiftPackageReference "IQKeyboardManager" */,
				B8E6F8B22D2B66F800CDC1C4 /* XCRemoteSwiftPackageReference "RxDataSources" */,
			);
			preferredProjectObjectVersion = 77;
			productRefGroup = B8CD65062CC0FC4000E8F8B3 /* Products */;
			projectDirPath = "";
			projectRoot = "";
			targets = (
				B8CD65042CC0FC4000E8F8B3 /* ShowMustGoOn */,
			);
		};
/* End PBXProject section */

/* Begin PBXResourcesBuildPhase section */
		B8CD65032CC0FC4000E8F8B3 /* Resources */ = {
			isa = PBXResourcesBuildPhase;
			buildActionMask = 2147483647;
			files = (
				B877DBF92CE06E56009D9C49 /* README.md in Resources */,
				B8CD652B2CC0FC5C00E8F8B3 /* Assets.xcassets in Resources */,
				B8CD652D2CC0FC5C00E8F8B3 /* LaunchScreen.storyboard in Resources */,
				B8CD65512CC2225800E8F8B3 /* codingGif.gif in Resources */,
				B8CD653C2CC0FE1500E8F8B3 /* PretendardVariable.ttf in Resources */,
			);
			runOnlyForDeploymentPostprocessing = 0;
		};
/* End PBXResourcesBuildPhase section */

/* Begin PBXSourcesBuildPhase section */
		B8CD65012CC0FC4000E8F8B3 /* Sources */ = {
			isa = PBXSourcesBuildPhase;
			buildActionMask = 2147483647;
			files = (
				B877DBE22CD9A47B009D9C49 /* HorizontalTableViewCell.swift in Sources */,
				B877DC062CEAE361009D9C49 /* AddViewModel.swift in Sources */,
				B877DBEC2CDAF81A009D9C49 /* MixModel.swift in Sources */,
				B8975F332CF06D6F008F2BA6 /* CustomButton.swift in Sources */,
				B877DC022CEAD977009D9C49 /* AddTableViewCell.swift in Sources */,
				B877DBC62CD30C2E009D9C49 /* CollectionViewController.swift in Sources */,
				B877DBF02CDDD942009D9C49 /* DetailMixViewController.swift in Sources */,
				B80B9F252D13F3B700052199 /* TodoTableViewCell.swift in Sources */,
				B80B9F1B2D101EE800052199 /* RxWeatherViewController.swift in Sources */,
				B8B9A1B72D086AA6008D8130 /* RxBasicTableView.swift in Sources */,
				B80B9F212D13BEA000052199 /* TodoModel.swift in Sources */,
				B877DBEA2CDAF506009D9C49 /* MixViewModel.swift in Sources */,
				B8CD655D2CC8879800E8F8B3 /* BasicTableViewCell.swift in Sources */,
				B877DC042CEAE2A0009D9C49 /* AddModel.swift in Sources */,
				B8E6F8BD2D30CB6800CDC1C4 /* RxHorizontalTableViewCell.swift in Sources */,
				B8CD65282CC0FC5C00E8F8B3 /* AppDelegate.swift in Sources */,
				B877DBD12CD373E0009D9C49 /* BasicViewModel.swift in Sources */,
				B8BDF7ED2D04430E0045FA94 /* RxSwiftPractice.swift in Sources */,
				B8CD65292CC0FC5C00E8F8B3 /* SceneDelegate.swift in Sources */,
				B8975F392CFE936A008F2BA6 /* RxTableViewController.swift in Sources */,
				B8B9A1AB2D06763C008D8130 /* RxTextFieldViewController.swift in Sources */,
				B80B9F272D13F5F500052199 /* TodoViewModel.swift in Sources */,
				B8CD65402CC0FE9D00E8F8B3 /* UIFont.swift in Sources */,
				B8CD65362CC0FD2B00E8F8B3 /* CustomTabBarController.swift in Sources */,
				B877DBE02CD99D02009D9C49 /* MixTableView.swift in Sources */,
				B877DBDA2CD472A9009D9C49 /* SectionViewModel.swift in Sources */,
				B8CD65422CC0FEC000E8F8B3 /* Constants.swift in Sources */,
				B8B9A1BD2D086B01008D8130 /* RxAddTableView.swift in Sources */,
				B877DBE82CD9B96C009D9C49 /* VerticalTabelViewCell.swift in Sources */,
				B8B9A1BB2D086AF3008D8130 /* RxMixTableView.swift in Sources */,
				B877DBC92CD32623009D9C49 /* BasicTableView.swift in Sources */,
				B80B9F102D0D5E5F00052199 /* RxTodoTableView.swift in Sources */,
				B8CD655B2CC8848900E8F8B3 /* UITableViewCell.swift in Sources */,
				B80B9F1D2D110B3A00052199 /* RxSectionViewModel.swift in Sources */,
				B8CD65392CC0FD7100E8F8B3 /* TableViewController.swift in Sources */,
				B8BDF7EF2D05DB0D0045FA94 /* RxButtonViewController.swift in Sources */,
				B877DC002CEACB10009D9C49 /* AddTableView.swift in Sources */,
				B877DBD82CD4723F009D9C49 /* SectionModel.swift in Sources */,
				B877DBD62CD47127009D9C49 /* SectionTableView.swift in Sources */,
				B8B9A1C32D0AEAB4008D8130 /* RxBasicViewModel.swift in Sources */,
				B8B9A1B92D086AB1008D8130 /* RxSectionTableView.swift in Sources */,
				B877DBF22CDDDEA4009D9C49 /* WebView.swift in Sources */,
				B877DBDC2CD47374009D9C49 /* SectionTableViewCell.swift in Sources */,
				B8CD653E2CC0FE8600E8F8B3 /* UIColor.swift in Sources */,
				B8B9A1BF2D0930D4008D8130 /* RxMixViewController.swift in Sources */,
				B80B9F232D13BF3900052199 /* TodoTableView.swift in Sources */,
				B8CD65442CC1038C00E8F8B3 /* CustomLabel.swift in Sources */,
				B8CD654F2CC221FC00E8F8B3 /* SplashViewController.swift in Sources */,
				B8B9A1AF2D073952008D8130 /* CustomSegment.swift in Sources */,
				B80B9F152D0D5F0600052199 /* RxTodoListViewModel.swift in Sources */,
				B80B9F182D101E8200052199 /* RxCollectionViewController.swift in Sources */,
				B877DBE62CD9B621009D9C49 /* UICollectionViewCell.swift in Sources */,
				B877DBCF2CD373D5009D9C49 /* BasicModel.swift in Sources */,
				B877DBE42CD9B5F8009D9C49 /* HorizontalCollectionViewCell.swift in Sources */,
				B8E6F8BA2D2CCDD800CDC1C4 /* RxMixViewModel.swift in Sources */,
			);
			runOnlyForDeploymentPostprocessing = 0;
		};
/* End PBXSourcesBuildPhase section */

/* Begin PBXVariantGroup section */
		B8CD65222CC0FC5C00E8F8B3 /* LaunchScreen.storyboard */ = {
			isa = PBXVariantGroup;
			children = (
				B8CD65212CC0FC5C00E8F8B3 /* Base */,
			);
			name = LaunchScreen.storyboard;
			sourceTree = "<group>";
		};
/* End PBXVariantGroup section */

/* Begin XCBuildConfiguration section */
		B8CD65192CC0FC4200E8F8B3 /* Debug */ = {
			isa = XCBuildConfiguration;
			buildSettings = {
				ASSETCATALOG_COMPILER_APPICON_NAME = AppIcon;
				ASSETCATALOG_COMPILER_GLOBAL_ACCENT_COLOR_NAME = AccentColor;
				CODE_SIGN_STYLE = Automatic;
				CURRENT_PROJECT_VERSION = 1;
				DEVELOPMENT_TEAM = 785X8Q9TA9;
				GENERATE_INFOPLIST_FILE = YES;
				INFOPLIST_FILE = ShowMustGoOn/Resource/Info.plist;
				INFOPLIST_KEY_UIApplicationSupportsIndirectInputEvents = YES;
				INFOPLIST_KEY_UILaunchStoryboardName = LaunchScreen;
				INFOPLIST_KEY_UISupportedInterfaceOrientations_iPad = "UIInterfaceOrientationPortrait UIInterfaceOrientationPortraitUpsideDown UIInterfaceOrientationLandscapeLeft UIInterfaceOrientationLandscapeRight";
				INFOPLIST_KEY_UISupportedInterfaceOrientations_iPhone = "UIInterfaceOrientationPortrait UIInterfaceOrientationLandscapeLeft UIInterfaceOrientationLandscapeRight";
				IPHONEOS_DEPLOYMENT_TARGET = 16.6;
				LD_RUNPATH_SEARCH_PATHS = (
					"$(inherited)",
					"@executable_path/Frameworks",
				);
				MARKETING_VERSION = 1.0;
				PRODUCT_BUNDLE_IDENTIFIER = com.luttoil.ShowMustGoOn;
				PRODUCT_NAME = "$(TARGET_NAME)";
				SWIFT_EMIT_LOC_STRINGS = YES;
				SWIFT_VERSION = 5.0;
				TARGETED_DEVICE_FAMILY = "1,2";
			};
			name = Debug;
		};
		B8CD651A2CC0FC4200E8F8B3 /* Release */ = {
			isa = XCBuildConfiguration;
			buildSettings = {
				ASSETCATALOG_COMPILER_APPICON_NAME = AppIcon;
				ASSETCATALOG_COMPILER_GLOBAL_ACCENT_COLOR_NAME = AccentColor;
				CODE_SIGN_STYLE = Automatic;
				CURRENT_PROJECT_VERSION = 1;
				DEVELOPMENT_TEAM = 785X8Q9TA9;
				GENERATE_INFOPLIST_FILE = YES;
				INFOPLIST_FILE = ShowMustGoOn/Resource/Info.plist;
				INFOPLIST_KEY_UIApplicationSupportsIndirectInputEvents = YES;
				INFOPLIST_KEY_UILaunchStoryboardName = LaunchScreen;
				INFOPLIST_KEY_UISupportedInterfaceOrientations_iPad = "UIInterfaceOrientationPortrait UIInterfaceOrientationPortraitUpsideDown UIInterfaceOrientationLandscapeLeft UIInterfaceOrientationLandscapeRight";
				INFOPLIST_KEY_UISupportedInterfaceOrientations_iPhone = "UIInterfaceOrientationPortrait UIInterfaceOrientationLandscapeLeft UIInterfaceOrientationLandscapeRight";
				IPHONEOS_DEPLOYMENT_TARGET = 16.6;
				LD_RUNPATH_SEARCH_PATHS = (
					"$(inherited)",
					"@executable_path/Frameworks",
				);
				MARKETING_VERSION = 1.0;
				PRODUCT_BUNDLE_IDENTIFIER = com.luttoil.ShowMustGoOn;
				PRODUCT_NAME = "$(TARGET_NAME)";
				SWIFT_EMIT_LOC_STRINGS = YES;
				SWIFT_VERSION = 5.0;
				TARGETED_DEVICE_FAMILY = "1,2";
			};
			name = Release;
		};
		B8CD651B2CC0FC4200E8F8B3 /* Debug */ = {
			isa = XCBuildConfiguration;
			buildSettings = {
				ALWAYS_SEARCH_USER_PATHS = NO;
				ASSETCATALOG_COMPILER_GENERATE_SWIFT_ASSET_SYMBOL_EXTENSIONS = YES;
				CLANG_ANALYZER_NONNULL = YES;
				CLANG_ANALYZER_NUMBER_OBJECT_CONVERSION = YES_AGGRESSIVE;
				CLANG_CXX_LANGUAGE_STANDARD = "gnu++20";
				CLANG_ENABLE_MODULES = YES;
				CLANG_ENABLE_OBJC_ARC = YES;
				CLANG_ENABLE_OBJC_WEAK = YES;
				CLANG_WARN_BLOCK_CAPTURE_AUTORELEASING = YES;
				CLANG_WARN_BOOL_CONVERSION = YES;
				CLANG_WARN_COMMA = YES;
				CLANG_WARN_CONSTANT_CONVERSION = YES;
				CLANG_WARN_DEPRECATED_OBJC_IMPLEMENTATIONS = YES;
				CLANG_WARN_DIRECT_OBJC_ISA_USAGE = YES_ERROR;
				CLANG_WARN_DOCUMENTATION_COMMENTS = YES;
				CLANG_WARN_EMPTY_BODY = YES;
				CLANG_WARN_ENUM_CONVERSION = YES;
				CLANG_WARN_INFINITE_RECURSION = YES;
				CLANG_WARN_INT_CONVERSION = YES;
				CLANG_WARN_NON_LITERAL_NULL_CONVERSION = YES;
				CLANG_WARN_OBJC_IMPLICIT_RETAIN_SELF = YES;
				CLANG_WARN_OBJC_LITERAL_CONVERSION = YES;
				CLANG_WARN_OBJC_ROOT_CLASS = YES_ERROR;
				CLANG_WARN_QUOTED_INCLUDE_IN_FRAMEWORK_HEADER = YES;
				CLANG_WARN_RANGE_LOOP_ANALYSIS = YES;
				CLANG_WARN_STRICT_PROTOTYPES = YES;
				CLANG_WARN_SUSPICIOUS_MOVE = YES;
				CLANG_WARN_UNGUARDED_AVAILABILITY = YES_AGGRESSIVE;
				CLANG_WARN_UNREACHABLE_CODE = YES;
				CLANG_WARN__DUPLICATE_METHOD_MATCH = YES;
				COPY_PHASE_STRIP = NO;
				DEBUG_INFORMATION_FORMAT = dwarf;
				ENABLE_STRICT_OBJC_MSGSEND = YES;
				ENABLE_TESTABILITY = YES;
				ENABLE_USER_SCRIPT_SANDBOXING = YES;
				GCC_C_LANGUAGE_STANDARD = gnu17;
				GCC_DYNAMIC_NO_PIC = NO;
				GCC_NO_COMMON_BLOCKS = YES;
				GCC_OPTIMIZATION_LEVEL = 0;
				GCC_PREPROCESSOR_DEFINITIONS = (
					"DEBUG=1",
					"$(inherited)",
				);
				GCC_WARN_64_TO_32_BIT_CONVERSION = YES;
				GCC_WARN_ABOUT_RETURN_TYPE = YES_ERROR;
				GCC_WARN_UNDECLARED_SELECTOR = YES;
				GCC_WARN_UNINITIALIZED_AUTOS = YES_AGGRESSIVE;
				GCC_WARN_UNUSED_FUNCTION = YES;
				GCC_WARN_UNUSED_VARIABLE = YES;
				IPHONEOS_DEPLOYMENT_TARGET = 18.0;
				LOCALIZATION_PREFERS_STRING_CATALOGS = YES;
				MTL_ENABLE_DEBUG_INFO = INCLUDE_SOURCE;
				MTL_FAST_MATH = YES;
				ONLY_ACTIVE_ARCH = YES;
				SDKROOT = iphoneos;
				SWIFT_ACTIVE_COMPILATION_CONDITIONS = "DEBUG $(inherited)";
				SWIFT_OPTIMIZATION_LEVEL = "-Onone";
			};
			name = Debug;
		};
		B8CD651C2CC0FC4200E8F8B3 /* Release */ = {
			isa = XCBuildConfiguration;
			buildSettings = {
				ALWAYS_SEARCH_USER_PATHS = NO;
				ASSETCATALOG_COMPILER_GENERATE_SWIFT_ASSET_SYMBOL_EXTENSIONS = YES;
				CLANG_ANALYZER_NONNULL = YES;
				CLANG_ANALYZER_NUMBER_OBJECT_CONVERSION = YES_AGGRESSIVE;
				CLANG_CXX_LANGUAGE_STANDARD = "gnu++20";
				CLANG_ENABLE_MODULES = YES;
				CLANG_ENABLE_OBJC_ARC = YES;
				CLANG_ENABLE_OBJC_WEAK = YES;
				CLANG_WARN_BLOCK_CAPTURE_AUTORELEASING = YES;
				CLANG_WARN_BOOL_CONVERSION = YES;
				CLANG_WARN_COMMA = YES;
				CLANG_WARN_CONSTANT_CONVERSION = YES;
				CLANG_WARN_DEPRECATED_OBJC_IMPLEMENTATIONS = YES;
				CLANG_WARN_DIRECT_OBJC_ISA_USAGE = YES_ERROR;
				CLANG_WARN_DOCUMENTATION_COMMENTS = YES;
				CLANG_WARN_EMPTY_BODY = YES;
				CLANG_WARN_ENUM_CONVERSION = YES;
				CLANG_WARN_INFINITE_RECURSION = YES;
				CLANG_WARN_INT_CONVERSION = YES;
				CLANG_WARN_NON_LITERAL_NULL_CONVERSION = YES;
				CLANG_WARN_OBJC_IMPLICIT_RETAIN_SELF = YES;
				CLANG_WARN_OBJC_LITERAL_CONVERSION = YES;
				CLANG_WARN_OBJC_ROOT_CLASS = YES_ERROR;
				CLANG_WARN_QUOTED_INCLUDE_IN_FRAMEWORK_HEADER = YES;
				CLANG_WARN_RANGE_LOOP_ANALYSIS = YES;
				CLANG_WARN_STRICT_PROTOTYPES = YES;
				CLANG_WARN_SUSPICIOUS_MOVE = YES;
				CLANG_WARN_UNGUARDED_AVAILABILITY = YES_AGGRESSIVE;
				CLANG_WARN_UNREACHABLE_CODE = YES;
				CLANG_WARN__DUPLICATE_METHOD_MATCH = YES;
				COPY_PHASE_STRIP = NO;
				DEBUG_INFORMATION_FORMAT = "dwarf-with-dsym";
				ENABLE_NS_ASSERTIONS = NO;
				ENABLE_STRICT_OBJC_MSGSEND = YES;
				ENABLE_USER_SCRIPT_SANDBOXING = YES;
				GCC_C_LANGUAGE_STANDARD = gnu17;
				GCC_NO_COMMON_BLOCKS = YES;
				GCC_WARN_64_TO_32_BIT_CONVERSION = YES;
				GCC_WARN_ABOUT_RETURN_TYPE = YES_ERROR;
				GCC_WARN_UNDECLARED_SELECTOR = YES;
				GCC_WARN_UNINITIALIZED_AUTOS = YES_AGGRESSIVE;
				GCC_WARN_UNUSED_FUNCTION = YES;
				GCC_WARN_UNUSED_VARIABLE = YES;
				IPHONEOS_DEPLOYMENT_TARGET = 18.0;
				LOCALIZATION_PREFERS_STRING_CATALOGS = YES;
				MTL_ENABLE_DEBUG_INFO = NO;
				MTL_FAST_MATH = YES;
				SDKROOT = iphoneos;
				SWIFT_COMPILATION_MODE = wholemodule;
				VALIDATE_PRODUCT = YES;
			};
			name = Release;
		};
/* End XCBuildConfiguration section */

/* Begin XCConfigurationList section */
		B8CD65002CC0FC4000E8F8B3 /* Build configuration list for PBXProject "ShowMustGoOn" */ = {
			isa = XCConfigurationList;
			buildConfigurations = (
				B8CD651B2CC0FC4200E8F8B3 /* Debug */,
				B8CD651C2CC0FC4200E8F8B3 /* Release */,
			);
			defaultConfigurationIsVisible = 0;
			defaultConfigurationName = Release;
		};
		B8CD65182CC0FC4200E8F8B3 /* Build configuration list for PBXNativeTarget "ShowMustGoOn" */ = {
			isa = XCConfigurationList;
			buildConfigurations = (
				B8CD65192CC0FC4200E8F8B3 /* Debug */,
				B8CD651A2CC0FC4200E8F8B3 /* Release */,
			);
			defaultConfigurationIsVisible = 0;
			defaultConfigurationName = Release;
		};
/* End XCConfigurationList section */

/* Begin XCRemoteSwiftPackageReference section */
		B8975F3A2CFEA06E008F2BA6 /* XCRemoteSwiftPackageReference "RxSwift" */ = {
			isa = XCRemoteSwiftPackageReference;
			repositoryURL = "https://github.com/ReactiveX/RxSwift";
			requirement = {
				kind = upToNextMajorVersion;
				minimumVersion = 6.8.0;
			};
		};
		B8CD65452CC104C400E8F8B3 /* XCRemoteSwiftPackageReference "SnapKit" */ = {
			isa = XCRemoteSwiftPackageReference;
			repositoryURL = "https://github.com/SnapKit/SnapKit.git";
			requirement = {
				kind = upToNextMajorVersion;
				minimumVersion = 5.7.1;
			};
		};
		B8CD65552CC2355E00E8F8B3 /* XCRemoteSwiftPackageReference "SwiftyGif" */ = {
			isa = XCRemoteSwiftPackageReference;
			repositoryURL = "https://github.com/kirualex/SwiftyGif";
			requirement = {
				kind = upToNextMajorVersion;
				minimumVersion = 5.4.5;
			};
		};
		B8E6F8AF2D17CFCE00CDC1C4 /* XCRemoteSwiftPackageReference "IQKeyboardManager" */ = {
			isa = XCRemoteSwiftPackageReference;
			repositoryURL = "https://github.com/hackiftekhar/IQKeyboardManager";
			requirement = {
				kind = upToNextMajorVersion;
				minimumVersion = 8.0.0;
			};
		};
		B8E6F8B22D2B66F800CDC1C4 /* XCRemoteSwiftPackageReference "RxDataSources" */ = {
			isa = XCRemoteSwiftPackageReference;
			repositoryURL = "https://github.com/RxSwiftCommunity/RxDataSources";
			requirement = {
				kind = upToNextMajorVersion;
				minimumVersion = 5.0.2;
			};
		};
/* End XCRemoteSwiftPackageReference section */

/* Begin XCSwiftPackageProductDependency section */
		B8863D762CFEAE0400717A63 /* RxCocoa */ = {
			isa = XCSwiftPackageProductDependency;
			package = B8975F3A2CFEA06E008F2BA6 /* XCRemoteSwiftPackageReference "RxSwift" */;
			productName = RxCocoa;
		};
		B8863D782CFEAEF200717A63 /* RxRelay */ = {
			isa = XCSwiftPackageProductDependency;
			package = B8975F3A2CFEA06E008F2BA6 /* XCRemoteSwiftPackageReference "RxSwift" */;
			productName = RxRelay;
		};
		B8975F3D2CFEA1AD008F2BA6 /* RxSwift */ = {
			isa = XCSwiftPackageProductDependency;
			package = B8975F3A2CFEA06E008F2BA6 /* XCRemoteSwiftPackageReference "RxSwift" */;
			productName = RxSwift;
		};
		B8CD65462CC104C400E8F8B3 /* SnapKit */ = {
			isa = XCSwiftPackageProductDependency;
			package = B8CD65452CC104C400E8F8B3 /* XCRemoteSwiftPackageReference "SnapKit" */;
			productName = SnapKit;
		};
		B8CD65562CC2355E00E8F8B3 /* SwiftyGif */ = {
			isa = XCSwiftPackageProductDependency;
			package = B8CD65552CC2355E00E8F8B3 /* XCRemoteSwiftPackageReference "SwiftyGif" */;
			productName = SwiftyGif;
		};
		B8E6F8B02D17CFCE00CDC1C4 /* IQKeyboardManagerSwift */ = {
			isa = XCSwiftPackageProductDependency;
			package = B8E6F8AF2D17CFCE00CDC1C4 /* XCRemoteSwiftPackageReference "IQKeyboardManager" */;
			productName = IQKeyboardManagerSwift;
		};
		B8E6F8B32D2B66F800CDC1C4 /* Differentiator */ = {
			isa = XCSwiftPackageProductDependency;
			package = B8E6F8B22D2B66F800CDC1C4 /* XCRemoteSwiftPackageReference "RxDataSources" */;
			productName = Differentiator;
		};
		B8E6F8B52D2B66F800CDC1C4 /* RxDataSources */ = {
			isa = XCSwiftPackageProductDependency;
			package = B8E6F8B22D2B66F800CDC1C4 /* XCRemoteSwiftPackageReference "RxDataSources" */;
			productName = RxDataSources;
		};
/* End XCSwiftPackageProductDependency section */
	};
	rootObject = B8CD64FD2CC0FC4000E8F8B3 /* Project object */;
}
